
Microsoft Visual Studio Solution File, Format Version 12.00
# Visual Studio Version 16
VisualStudioVersion = 16.0.31605.320
MinimumVisualStudioVersion = 10.0.40219.1
Project("{FAE04EC0-301F-11D3-BF4B-00C04F79EFBC}") = "EScooter.Customer.ManageCustomers", "EScooter.Customer.ManageCustomers.csproj", "{7AF472B4-8D1E-4116-B88D-D3F46A045566}"
EndProject
Global
	GlobalSection(SolutionConfigurationPlatforms) = preSolution
		Debug|Any CPU = Debug|Any CPU
		Release|Any CPU = Release|Any CPU
	EndGlobalSection
	GlobalSection(ProjectConfigurationPlatforms) = postSolution
		{7AF472B4-8D1E-4116-B88D-D3F46A045566}.Debug|Any CPU.ActiveCfg = Debug|Any CPU
		{7AF472B4-8D1E-4116-B88D-D3F46A045566}.Debug|Any CPU.Build.0 = Debug|Any CPU
		{7AF472B4-8D1E-4116-B88D-D3F46A045566}.Release|Any CPU.ActiveCfg = Release|Any CPU
		{7AF472B4-8D1E-4116-B88D-D3F46A045566}.Release|Any CPU.Build.0 = Release|Any CPU
	EndGlobalSection
	GlobalSection(SolutionProperties) = preSolution
		HideSolutionNode = FALSE
	EndGlobalSection
	GlobalSection(ExtensibilityGlobals) = postSolution
		SolutionGuid = {738A9F96-C2AF-4F1F-802F-821507011374}
	EndGlobalSection
EndGlobal
